
Microsoft Visual Studio Solution File, Format Version 12.00
# Visual Studio Version 16
VisualStudioVersion = 16.0.29230.47
MinimumVisualStudioVersion = 10.0.40219.1
Project("{9A19103F-16F7-4668-BE54-9A1E7A4F7556}") = "PerformanceCalculator", "osu-tools\PerformanceCalculator\PerformanceCalculator.csproj", "{C5AE6609-A1D6-4E6B-A5A4-3A92E59A447D}"
EndProject
Project("{9A19103F-16F7-4668-BE54-9A1E7A4F7556}") = "osu.Game", "osu-tools\osu\osu.Game\osu.Game.csproj", "{A4104A93-A1C0-40E7-AFAC-A4C7FE35F144}"
EndProject
Project("{9A19103F-16F7-4668-BE54-9A1E7A4F7556}") = "osu.Game.Benchmarks", "osu-tools\osu\osu.Game.Benchmarks\osu.Game.Benchmarks.csproj", "{1714EBDE-69A3-48B2-BA04-F2DD8B1A4291}"
EndProject
Project("{9A19103F-16F7-4668-BE54-9A1E7A4F7556}") = "osu.Game.Rulesets.Catch", "osu-tools\osu\osu.Game.Rulesets.Catch\osu.Game.Rulesets.Catch.csproj", "{F8546E51-772D-4094-B555-624B6B46F804}"
EndProject
Project("{9A19103F-16F7-4668-BE54-9A1E7A4F7556}") = "osu.Game.Rulesets.Mania", "osu-tools\osu\osu.Game.Rulesets.Mania\osu.Game.Rulesets.Mania.csproj", "{F7199AC1-5972-40C5-A0B5-2268F1378845}"
EndProject
Project("{9A19103F-16F7-4668-BE54-9A1E7A4F7556}") = "osu.Game.Rulesets.Osu", "osu-tools\osu\osu.Game.Rulesets.Osu\osu.Game.Rulesets.Osu.csproj", "{D7AAA400-EB74-4CC6-9A7A-D17321E17D54}"
EndProject
Project("{9A19103F-16F7-4668-BE54-9A1E7A4F7556}") = "osu.Game.Rulesets.Taiko", "osu-tools\osu\osu.Game.Rulesets.Taiko\osu.Game.Rulesets.Taiko.csproj", "{DBA34FE9-6ED6-46DB-A221-97C686B279CB}"
EndProject
Project("{FAE04EC0-301F-11D3-BF4B-00C04F79EFBC}") = "pp-server", "pp-server\pp-server.csproj", "{2EC3DE06-B501-4698-8BB6-1B69E553EAFB}"
EndProject
Global
	GlobalSection(SolutionConfigurationPlatforms) = preSolution
		Debug|Any CPU = Debug|Any CPU
		Release|Any CPU = Release|Any CPU
	EndGlobalSection
	GlobalSection(ProjectConfigurationPlatforms) = postSolution
		{C5AE6609-A1D6-4E6B-A5A4-3A92E59A447D}.Debug|Any CPU.ActiveCfg = Debug|Any CPU
		{C5AE6609-A1D6-4E6B-A5A4-3A92E59A447D}.Debug|Any CPU.Build.0 = Debug|Any CPU
		{C5AE6609-A1D6-4E6B-A5A4-3A92E59A447D}.Release|Any CPU.ActiveCfg = Release|Any CPU
		{C5AE6609-A1D6-4E6B-A5A4-3A92E59A447D}.Release|Any CPU.Build.0 = Release|Any CPU
		{A4104A93-A1C0-40E7-AFAC-A4C7FE35F144}.Debug|Any CPU.ActiveCfg = Debug|Any CPU
		{A4104A93-A1C0-40E7-AFAC-A4C7FE35F144}.Debug|Any CPU.Build.0 = Debug|Any CPU
		{A4104A93-A1C0-40E7-AFAC-A4C7FE35F144}.Release|Any CPU.ActiveCfg = Release|Any CPU
		{A4104A93-A1C0-40E7-AFAC-A4C7FE35F144}.Release|Any CPU.Build.0 = Release|Any CPU
		{1714EBDE-69A3-48B2-BA04-F2DD8B1A4291}.Debug|Any CPU.ActiveCfg = Debug|Any CPU
		{1714EBDE-69A3-48B2-BA04-F2DD8B1A4291}.Debug|Any CPU.Build.0 = Debug|Any CPU
		{1714EBDE-69A3-48B2-BA04-F2DD8B1A4291}.Release|Any CPU.ActiveCfg = Release|Any CPU
		{1714EBDE-69A3-48B2-BA04-F2DD8B1A4291}.Release|Any CPU.Build.0 = Release|Any CPU
		{F8546E51-772D-4094-B555-624B6B46F804}.Debug|Any CPU.ActiveCfg = Debug|Any CPU
		{F8546E51-772D-4094-B555-624B6B46F804}.Debug|Any CPU.Build.0 = Debug|Any CPU
		{F8546E51-772D-4094-B555-624B6B46F804}.Release|Any CPU.ActiveCfg = Release|Any CPU
		{F8546E51-772D-4094-B555-624B6B46F804}.Release|Any CPU.Build.0 = Release|Any CPU
		{F7199AC1-5972-40C5-A0B5-2268F1378845}.Debug|Any CPU.ActiveCfg = Debug|Any CPU
		{F7199AC1-5972-40C5-A0B5-2268F1378845}.Debug|Any CPU.Build.0 = Debug|Any CPU
		{F7199AC1-5972-40C5-A0B5-2268F1378845}.Release|Any CPU.ActiveCfg = Release|Any CPU
		{F7199AC1-5972-40C5-A0B5-2268F1378845}.Release|Any CPU.Build.0 = Release|Any CPU
		{D7AAA400-EB74-4CC6-9A7A-D17321E17D54}.Debug|Any CPU.ActiveCfg = Debug|Any CPU
		{D7AAA400-EB74-4CC6-9A7A-D17321E17D54}.Debug|Any CPU.Build.0 = Debug|Any CPU
		{D7AAA400-EB74-4CC6-9A7A-D17321E17D54}.Release|Any CPU.ActiveCfg = Release|Any CPU
		{D7AAA400-EB74-4CC6-9A7A-D17321E17D54}.Release|Any CPU.Build.0 = Release|Any CPU
		{DBA34FE9-6ED6-46DB-A221-97C686B279CB}.Debug|Any CPU.ActiveCfg = Debug|Any CPU
		{DBA34FE9-6ED6-46DB-A221-97C686B279CB}.Debug|Any CPU.Build.0 = Debug|Any CPU
		{DBA34FE9-6ED6-46DB-A221-97C686B279CB}.Release|Any CPU.ActiveCfg = Release|Any CPU
		{DBA34FE9-6ED6-46DB-A221-97C686B279CB}.Release|Any CPU.Build.0 = Release|Any CPU
		{2EC3DE06-B501-4698-8BB6-1B69E553EAFB}.Debug|Any CPU.ActiveCfg = Debug|Any CPU
		{2EC3DE06-B501-4698-8BB6-1B69E553EAFB}.Debug|Any CPU.Build.0 = Debug|Any CPU
		{2EC3DE06-B501-4698-8BB6-1B69E553EAFB}.Release|Any CPU.ActiveCfg = Release|Any CPU
		{2EC3DE06-B501-4698-8BB6-1B69E553EAFB}.Release|Any CPU.Build.0 = Release|Any CPU
	EndGlobalSection
	GlobalSection(SolutionProperties) = preSolution
		HideSolutionNode = FALSE
	EndGlobalSection
	GlobalSection(ExtensibilityGlobals) = postSolution
		SolutionGuid = {857AF5F2-AD97-4481-80BE-298C982D59E8}
	EndGlobalSection
EndGlobal
